
Microsoft Visual Studio Solution File, Format Version 12.00
# Visual Studio Version 16
VisualStudioVersion = 16.0.29709.97
MinimumVisualStudioVersion = 10.0.40219.1
Project("{FAE04EC0-301F-11D3-BF4B-00C04F79EFBC}") = "ConsoleApp1", "ConsoleApp1\ConsoleApp1.csproj", "{5929A87C-D587-49BB-AE8D-74EA930CF58A}"
EndProject
Global
	GlobalSection(SolutionConfigurationPlatforms) = preSolution
		Debug|Any CPU = Debug|Any CPU
		Release|Any CPU = Release|Any CPU
	EndGlobalSection
	GlobalSection(ProjectConfigurationPlatforms) = postSolution
		{5929A87C-D587-49BB-AE8D-74EA930CF58A}.Debug|Any CPU.ActiveCfg = Debug|Any CPU
		{5929A87C-D587-49BB-AE8D-74EA930CF58A}.Debug|Any CPU.Build.0 = Debug|Any CPU
		{5929A87C-D587-49BB-AE8D-74EA930CF58A}.Release|Any CPU.ActiveCfg = Release|Any CPU
		{5929A87C-D587-49BB-AE8D-74EA930CF58A}.Release|Any CPU.Build.0 = Release|Any CPU
	EndGlobalSection
	GlobalSection(SolutionProperties) = preSolution
		HideSolutionNode = FALSE
	EndGlobalSection
	GlobalSection(ExtensibilityGlobals) = postSolution
		SolutionGuid = {709BEB2A-646F-4953-BEF4-D418E5B3EB02}
	EndGlobalSection
EndGlobal
